// !$*UTF8*$!
{
	archiveVersion = 1;
	classes = {
	};
	objectVersion = 46;
	objects = {

/* Begin PBXBuildFile section */
		4D51B5EF17156E6D008A05F4 /* Foundation.framework in Frameworks */ = {isa = PBXBuildFile; fileRef = 4D51B5EE17156E6D008A05F4 /* Foundation.framework */; };
		4D51B5F217156E6D008A05F4 /* main.m in Sources */ = {isa = PBXBuildFile; fileRef = 4D51B5F117156E6D008A05F4 /* main.m */; };
		4D51B5F617156E6D008A05F4 /* SpotifyBackup.1 in CopyFiles */ = {isa = PBXBuildFile; fileRef = 4D51B5F517156E6D008A05F4 /* SpotifyBackup.1 */; };
		4D51B78317157BD1008A05F4 /* appkey.h in Sources */ = {isa = PBXBuildFile; fileRef = 4D51B78217157BD1008A05F4 /* appkey.h */; };
		4D51B788171582E0008A05F4 /* Login.m in Sources */ = {isa = PBXBuildFile; fileRef = 4D51B787171582E0008A05F4 /* Login.m */; };
		4D5C46211715C47E00E3F4E2 /* CocoaLibSpotify.framework in Frameworks */ = {isa = PBXBuildFile; fileRef = 4D5C461E1715C43E00E3F4E2 /* CocoaLibSpotify.framework */; };
/* End PBXBuildFile section */

/* Begin PBXContainerItemProxy section */
		4D5C461D1715C43E00E3F4E2 /* PBXContainerItemProxy */ = {
			isa = PBXContainerItemProxy;
			containerPortal = 4D5C46181715C43E00E3F4E2 /* CocoaLibSpotify Mac Framework.xcodeproj */;
			proxyType = 2;
			remoteGlobalIDString = 503D630F13258041007772CA;
			remoteInfo = CocoaLibSpotify;
		};
		4D5C461F1715C43E00E3F4E2 /* PBXContainerItemProxy */ = {
			isa = PBXContainerItemProxy;
			containerPortal = 4D5C46181715C43E00E3F4E2 /* CocoaLibSpotify Mac Framework.xcodeproj */;
			proxyType = 2;
			remoteGlobalIDString = 504E4934155AA85400E1C0F7;
			remoteInfo = CocoaLSTests;
		};
/* End PBXContainerItemProxy section */

/* Begin PBXCopyFilesBuildPhase section */
		4D51B5E917156E6D008A05F4 /* CopyFiles */ = {
			isa = PBXCopyFilesBuildPhase;
			buildActionMask = 2147483647;
			dstPath = /usr/share/man/man1/;
			dstSubfolderSpec = 0;
			files = (
				4D51B5F617156E6D008A05F4 /* SpotifyBackup.1 in CopyFiles */,
			);
			runOnlyForDeploymentPostprocessing = 1;
		};
/* End PBXCopyFilesBuildPhase section */

/* Begin PBXFileReference section */
		4D51B5EB17156E6D008A05F4 /* SpotifyBackup */ = {isa = PBXFileReference; explicitFileType = "compiled.mach-o.executable"; includeInIndex = 0; path = SpotifyBackup; sourceTree = BUILT_PRODUCTS_DIR; };
		4D51B5EE17156E6D008A05F4 /* Foundation.framework */ = {isa = PBXFileReference; lastKnownFileType = wrapper.framework; name = Foundation.framework; path = System/Library/Frameworks/Foundation.framework; sourceTree = SDKROOT; };
		4D51B5F117156E6D008A05F4 /* main.m */ = {isa = PBXFileReference; lastKnownFileType = sourcecode.c.objc; path = main.m; sourceTree = "<group>"; };
		4D51B5F417156E6D008A05F4 /* SpotifyBackup-Prefix.pch */ = {isa = PBXFileReference; lastKnownFileType = sourcecode.c.h; path = "SpotifyBackup-Prefix.pch"; sourceTree = "<group>"; };
		4D51B5F517156E6D008A05F4 /* SpotifyBackup.1 */ = {isa = PBXFileReference; lastKnownFileType = text.man; path = SpotifyBackup.1; sourceTree = "<group>"; };
		4D51B78217157BD1008A05F4 /* appkey.h */ = {isa = PBXFileReference; fileEncoding = 4; lastKnownFileType = sourcecode.c.h; path = appkey.h; sourceTree = "<group>"; };
		4D51B786171582E0008A05F4 /* Login.h */ = {isa = PBXFileReference; fileEncoding = 4; lastKnownFileType = sourcecode.c.h; path = Login.h; sourceTree = "<group>"; };
		4D51B787171582E0008A05F4 /* Login.m */ = {isa = PBXFileReference; fileEncoding = 4; lastKnownFileType = sourcecode.c.objc; path = Login.m; sourceTree = "<group>"; };
		4D5C46181715C43E00E3F4E2 /* CocoaLibSpotify Mac Framework.xcodeproj */ = {isa = PBXFileReference; lastKnownFileType = "wrapper.pb-project"; name = "CocoaLibSpotify Mac Framework.xcodeproj"; path = "../cocoalibspotify/Mac Framework/CocoaLibSpotify Mac Framework.xcodeproj"; sourceTree = "<group>"; };
		9C666E5B43594AFC8BE303EE /* libPods.a */ = {isa = PBXFileReference; explicitFileType = archive.ar; includeInIndex = 0; path = libPods.a; sourceTree = BUILT_PRODUCTS_DIR; };
/* End PBXFileReference section */

/* Begin PBXFrameworksBuildPhase section */
		4D51B5E817156E6D008A05F4 /* Frameworks */ = {
			isa = PBXFrameworksBuildPhase;
			buildActionMask = 2147483647;
			files = (
				4D5C46211715C47E00E3F4E2 /* CocoaLibSpotify.framework in Frameworks */,
				4D51B5EF17156E6D008A05F4 /* Foundation.framework in Frameworks */,
			);
			runOnlyForDeploymentPostprocessing = 0;
		};
/* End PBXFrameworksBuildPhase section */

/* Begin PBXGroup section */
		4D51B5E217156E6D008A05F4 = {
			isa = PBXGroup;
			children = (
				4D5C46181715C43E00E3F4E2 /* CocoaLibSpotify Mac Framework.xcodeproj */,
				4D51B5F017156E6D008A05F4 /* SpotifyBackup */,
				4D51B5ED17156E6D008A05F4 /* Frameworks */,
				4D51B5EC17156E6D008A05F4 /* Products */,
			);
			sourceTree = "<group>";
		};
		4D51B5EC17156E6D008A05F4 /* Products */ = {
			isa = PBXGroup;
			children = (
				4D51B5EB17156E6D008A05F4 /* SpotifyBackup */,
			);
			name = Products;
			sourceTree = "<group>";
		};
		4D51B5ED17156E6D008A05F4 /* Frameworks */ = {
			isa = PBXGroup;
			children = (
				4D51B5EE17156E6D008A05F4 /* Foundation.framework */,
				9C666E5B43594AFC8BE303EE /* libPods.a */,
			);
			name = Frameworks;
			sourceTree = "<group>";
		};
		4D51B5F017156E6D008A05F4 /* SpotifyBackup */ = {
			isa = PBXGroup;
			children = (
				4D51B5F117156E6D008A05F4 /* main.m */,
				4D51B5F517156E6D008A05F4 /* SpotifyBackup.1 */,
				4D51B5F317156E6D008A05F4 /* Supporting Files */,
				4D51B78217157BD1008A05F4 /* appkey.h */,
				4D51B786171582E0008A05F4 /* Login.h */,
				4D51B787171582E0008A05F4 /* Login.m */,
			);
			path = SpotifyBackup;
			sourceTree = "<group>";
		};
		4D51B5F317156E6D008A05F4 /* Supporting Files */ = {
			isa = PBXGroup;
			children = (
				4D51B5F417156E6D008A05F4 /* SpotifyBackup-Prefix.pch */,
			);
			name = "Supporting Files";
			sourceTree = "<group>";
		};
		4D5C46191715C43E00E3F4E2 /* Products */ = {
			isa = PBXGroup;
			children = (
				4D5C461E1715C43E00E3F4E2 /* CocoaLibSpotify.framework */,
				4D5C46201715C43E00E3F4E2 /* CocoaLSTests.app */,
			);
			name = Products;
			sourceTree = "<group>";
		};
/* End PBXGroup section */

/* Begin PBXNativeTarget section */
		4D51B5EA17156E6D008A05F4 /* SpotifyBackup */ = {
			isa = PBXNativeTarget;
			buildConfigurationList = 4D51B5F917156E6D008A05F4 /* Build configuration list for PBXNativeTarget "SpotifyBackup" */;
			buildPhases = (
				4D51B5E717156E6D008A05F4 /* Sources */,
				4D51B5E817156E6D008A05F4 /* Frameworks */,
				4D51B5E917156E6D008A05F4 /* CopyFiles */,
			);
			buildRules = (
			);
			dependencies = (
			);
			name = SpotifyBackup;
			productName = SpotifyBackup;
			productReference = 4D51B5EB17156E6D008A05F4 /* SpotifyBackup */;
			productType = "com.apple.product-type.tool";
		};
/* End PBXNativeTarget section */

/* Begin PBXProject section */
		4D51B5E317156E6D008A05F4 /* Project object */ = {
			isa = PBXProject;
			attributes = {
				LastUpgradeCheck = 0460;
				ORGANIZATIONNAME = MaxWoolf;
			};
			buildConfigurationList = 4D51B5E617156E6D008A05F4 /* Build configuration list for PBXProject "SpotifyBackup" */;
			compatibilityVersion = "Xcode 3.2";
			developmentRegion = English;
			hasScannedForEncodings = 0;
			knownRegions = (
				en,
			);
			mainGroup = 4D51B5E217156E6D008A05F4;
			productRefGroup = 4D51B5EC17156E6D008A05F4 /* Products */;
			projectDirPath = "";
			projectReferences = (
				{
					ProductGroup = 4D5C46191715C43E00E3F4E2 /* Products */;
					ProjectRef = 4D5C46181715C43E00E3F4E2 /* CocoaLibSpotify Mac Framework.xcodeproj */;
				},
			);
			projectRoot = "";
			targets = (
				4D51B5EA17156E6D008A05F4 /* SpotifyBackup */,
			);
		};
/* End PBXProject section */

/* Begin PBXReferenceProxy section */
		4D5C461E1715C43E00E3F4E2 /* CocoaLibSpotify.framework */ = {
			isa = PBXReferenceProxy;
			fileType = wrapper.framework;
			path = CocoaLibSpotify.framework;
			remoteRef = 4D5C461D1715C43E00E3F4E2 /* PBXContainerItemProxy */;
			sourceTree = BUILT_PRODUCTS_DIR;
		};
		4D5C46201715C43E00E3F4E2 /* CocoaLSTests.app */ = {
			isa = PBXReferenceProxy;
			fileType = wrapper.application;
			path = CocoaLSTests.app;
			remoteRef = 4D5C461F1715C43E00E3F4E2 /* PBXContainerItemProxy */;
			sourceTree = BUILT_PRODUCTS_DIR;
		};
/* End PBXReferenceProxy section */

/* Begin PBXSourcesBuildPhase section */
		4D51B5E717156E6D008A05F4 /* Sources */ = {
			isa = PBXSourcesBuildPhase;
			buildActionMask = 2147483647;
			files = (
				4D51B5F217156E6D008A05F4 /* main.m in Sources */,
				4D51B78317157BD1008A05F4 /* appkey.h in Sources */,
				4D51B788171582E0008A05F4 /* Login.m in Sources */,
			);
			runOnlyForDeploymentPostprocessing = 0;
		};
/* End PBXSourcesBuildPhase section */

/* Begin XCBuildConfiguration section */
		4D51B5F717156E6D008A05F4 /* Debug */ = {
			isa = XCBuildConfiguration;
			buildSettings = {
				ALWAYS_SEARCH_USER_PATHS = NO;
				ARCHS = "$(ARCHS_STANDARD_64_BIT)";
				CLANG_CXX_LANGUAGE_STANDARD = "gnu++0x";
				CLANG_CXX_LIBRARY = "libc++";
				CLANG_ENABLE_OBJC_ARC = YES;
				CLANG_WARN_CONSTANT_CONVERSION = YES;
				CLANG_WARN_EMPTY_BODY = YES;
				CLANG_WARN_ENUM_CONVERSION = YES;
				CLANG_WARN_INT_CONVERSION = YES;
				CLANG_WARN__DUPLICATE_METHOD_MATCH = YES;
				COPY_PHASE_STRIP = NO;
				FRAMEWORK_SEARCH_PATHS = "$CONFIGURATION_BUILD_DIR/CocoaLibSpotify.framework/Versions/Frameworks/**";
				GCC_C_LANGUAGE_STANDARD = gnu99;
				GCC_DYNAMIC_NO_PIC = NO;
				GCC_ENABLE_OBJC_EXCEPTIONS = YES;
				GCC_OPTIMIZATION_LEVEL = 0;
				GCC_PREPROCESSOR_DEFINITIONS = (
					"DEBUG=1",
					"$(inherited)",
				);
				GCC_SYMBOLS_PRIVATE_EXTERN = NO;
				GCC_WARN_64_TO_32_BIT_CONVERSION = YES;
				GCC_WARN_ABOUT_RETURN_TYPE = YES;
				GCC_WARN_UNINITIALIZED_AUTOS = YES;
				GCC_WARN_UNUSED_VARIABLE = YES;
				MACOSX_DEPLOYMENT_TARGET = 10.7;
				ONLY_ACTIVE_ARCH = YES;
				SDKROOT = macosx;
			};
			name = Debug;
		};
		4D51B5F817156E6D008A05F4 /* Release */ = {
			isa = XCBuildConfiguration;
			buildSettings = {
				ALWAYS_SEARCH_USER_PATHS = NO;
				ARCHS = "$(ARCHS_STANDARD_64_BIT)";
				CLANG_CXX_LANGUAGE_STANDARD = "gnu++0x";
				CLANG_CXX_LIBRARY = "libc++";
				CLANG_ENABLE_OBJC_ARC = YES;
				CLANG_WARN_CONSTANT_CONVERSION = YES;
				CLANG_WARN_EMPTY_BODY = YES;
				CLANG_WARN_ENUM_CONVERSION = YES;
				CLANG_WARN_INT_CONVERSION = YES;
				CLANG_WARN__DUPLICATE_METHOD_MATCH = YES;
				COPY_PHASE_STRIP = YES;
				DEBUG_INFORMATION_FORMAT = "dwarf-with-dsym";
				FRAMEWORK_SEARCH_PATHS = "$CONFIGURATION_BUILD_DIR/CocoaLibSpotify.framework/Versions/Frameworks/**";
				GCC_C_LANGUAGE_STANDARD = gnu99;
				GCC_ENABLE_OBJC_EXCEPTIONS = YES;
				GCC_WARN_64_TO_32_BIT_CONVERSION = YES;
				GCC_WARN_ABOUT_RETURN_TYPE = YES;
				GCC_WARN_UNINITIALIZED_AUTOS = YES;
				GCC_WARN_UNUSED_VARIABLE = YES;
				MACOSX_DEPLOYMENT_TARGET = 10.7;
				SDKROOT = macosx;
			};
			name = Release;
		};
		4D51B5FA17156E6D008A05F4 /* Debug */ = {
			isa = XCBuildConfiguration;
			buildSettings = {
				GCC_PRECOMPILE_PREFIX_HEADER = YES;
				GCC_PREFIX_HEADER = "SpotifyBackup/SpotifyBackup-Prefix.pch";
				PRODUCT_NAME = "$(TARGET_NAME)";
			};
			name = Debug;
		};
		4D51B5FB17156E6D008A05F4 /* Release */ = {
			isa = XCBuildConfiguration;
			buildSettings = {
				GCC_PRECOMPILE_PREFIX_HEADER = YES;
				GCC_PREFIX_HEADER = "SpotifyBackup/SpotifyBackup-Prefix.pch";
				PRODUCT_NAME = "$(TARGET_NAME)";
			};
			name = Release;
		};
/* End XCBuildConfiguration section */

/* Begin XCConfigurationList section */
		4D51B5E617156E6D008A05F4 /* Build configuration list for PBXProject "SpotifyBackup" */ = {
			isa = XCConfigurationList;
			buildConfigurations = (
				4D51B5F717156E6D008A05F4 /* Debug */,
				4D51B5F817156E6D008A05F4 /* Release */,
			);
			defaultConfigurationIsVisible = 0;
			defaultConfigurationName = Release;
		};
		4D51B5F917156E6D008A05F4 /* Build configuration list for PBXNativeTarget "SpotifyBackup" */ = {
			isa = XCConfigurationList;
			buildConfigurations = (
				4D51B5FA17156E6D008A05F4 /* Debug */,
				4D51B5FB17156E6D008A05F4 /* Release */,
			);
			defaultConfigurationIsVisible = 0;
			defaultConfigurationName = Release;
		};
/* End XCConfigurationList section */
	};
	rootObject = 4D51B5E317156E6D008A05F4 /* Project object */;
}
